
Microsoft Visual Studio Solution File, Format Version 12.00
# Visual Studio Version 17
VisualStudioVersion = 17.4.33205.214
MinimumVisualStudioVersion = 10.0.40219.1
Project("{2150E333-8FDC-42A3-9474-1A3956D46DE8}") = "1. Enterprise Business Rules", "1. Enterprise Business Rules", "{04A79D2F-E250-47A5-9603-1676E6CC1069}"
EndProject
Project("{2150E333-8FDC-42A3-9474-1A3956D46DE8}") = "2. Application Business Rules", "2. Application Business Rules", "{36C213A8-4CCF-4E06-A65A-25DCEDDE2BBF}"
EndProject
Project("{2150E333-8FDC-42A3-9474-1A3956D46DE8}") = "3. Interface Adapters", "3. Interface Adapters", "{95A98CBC-9126-41E8-B5F4-737E1EF0C540}"
EndProject
Project("{2150E333-8FDC-42A3-9474-1A3956D46DE8}") = "4. Frameworks And Drivers", "4. Frameworks And Drivers", "{B888A218-C765-44B7-8999-C10CBB76673C}"
EndProject
Project("{2150E333-8FDC-42A3-9474-1A3956D46DE8}") = "ViewModels", "ViewModels", "{17908347-1E1F-4596-9537-ADADC121B6C4}"
EndProject
Project("{9A19103F-16F7-4668-BE54-9A1E7A4F7556}") = "BlazingPizza.ViewModels", "BlazingPizza.ViewModels\BlazingPizza.ViewModels.csproj", "{F0D9E7E4-B467-4459-9939-5B7B4F3C7356}"
EndProject
Project("{2150E333-8FDC-42A3-9474-1A3956D46DE8}") = "Models", "Models", "{09F94575-6A56-4E42-B307-77138AF06A9A}"
EndProject
Project("{9A19103F-16F7-4668-BE54-9A1E7A4F7556}") = "BlazingPizza.Models", "BlazingPizza.Models\BlazingPizza.Models.csproj", "{CABA4489-7472-43E3-ABF4-912782A8A34B}"
EndProject
Project("{2150E333-8FDC-42A3-9474-1A3956D46DE8}") = "Views", "Views", "{4CEAFCCF-5891-46D8-BE11-8B121DE74E5D}"
EndProject
Project("{9A19103F-16F7-4668-BE54-9A1E7A4F7556}") = "BlazingPizza.Razor.Views", "BlazingPizza.Razor.Views\BlazingPizza.Razor.Views.csproj", "{A2A3BC62-3C4D-416F-8013-BFD1AD089F29}"
EndProject
Project("{2150E333-8FDC-42A3-9474-1A3956D46DE8}") = "IoCs", "IoCs", "{0A58EB37-078C-4C94-B666-7C58766E3BF2}"
EndProject
Project("{9A19103F-16F7-4668-BE54-9A1E7A4F7556}") = "BlazingPizza.Frontend.IoC", "BlazingPizza.Frontend.IoC\BlazingPizza.Frontend.IoC.csproj", "{747FA4CB-E39C-43A4-8D02-88B5A2AB7900}"
EndProject
Project("{2150E333-8FDC-42A3-9474-1A3956D46DE8}") = "UIs", "UIs", "{0E9348B1-35E4-4277-82F0-072A935972A9}"
EndProject
Project("{9A19103F-16F7-4668-BE54-9A1E7A4F7556}") = "BlazingPizza.BlazorClient", "BlazingPizza.BlazorClient\BlazingPizza.BlazorClient.csproj", "{849C59F9-E524-4992-91C2-3E60F6459A2D}"
EndProject
Project("{9A19103F-16F7-4668-BE54-9A1E7A4F7556}") = "BlazingPizza.WinFormsClient", "BlazingPizza.WinFormsClient\BlazingPizza.WinFormsClient.csproj", "{D911E5FA-5B84-47DF-8A00-2BD6758509A4}"
EndProject
Project("{9A19103F-16F7-4668-BE54-9A1E7A4F7556}") = "BlazingPizza.UseCases", "BlazingPizza.UseCases\BlazingPizza.UseCases.csproj", "{71975695-2758-4D7A-8148-7E5F0EA5F3CA}"
EndProject
Project("{2150E333-8FDC-42A3-9474-1A3956D46DE8}") = "Gateways", "Gateways", "{4DB95E60-7B91-469D-B018-3C6AC89455B1}"
EndProject
Project("{2150E333-8FDC-42A3-9474-1A3956D46DE8}") = "Repositories", "Repositories", "{D266289C-2BA7-4E47-B995-BAB406A51CB8}"
EndProject
Project("{9A19103F-16F7-4668-BE54-9A1E7A4F7556}") = "BlazingPizza.EFCore.Repositories", "BlazingPizza.EFCore.Repositories\BlazingPizza.EFCore.Repositories.csproj", "{2E234300-244D-4ED9-A5EB-2CF1128B552B}"
EndProject
Project("{2150E333-8FDC-42A3-9474-1A3956D46DE8}") = "Controllers", "Controllers", "{DE905A47-BB97-4821-97A2-C515FC3B1CEA}"
EndProject
Project("{9A19103F-16F7-4668-BE54-9A1E7A4F7556}") = "BlazingPizza.Controllers", "BlazingPizza.Controllers\BlazingPizza.Controllers.csproj", "{869AC5A5-4DAD-42C5-AC5A-45DCF8AB9E83}"
EndProject
Project("{9A19103F-16F7-4668-BE54-9A1E7A4F7556}") = "BlazingPizza.Backend.IoC", "BlazingPizza.Backend.IoC\BlazingPizza.Backend.IoC.csproj", "{0444D450-3A6A-4645-B916-9AE57C6127FA}"
EndProject
Project("{9A19103F-16F7-4668-BE54-9A1E7A4F7556}") = "BlazingPizza.WebApi", "BlazingPizza.WebApi\BlazingPizza.WebApi.csproj", "{FB6C6614-2594-4A0D-B08E-B966F992C8EF}"
EndProject
Project("{2150E333-8FDC-42A3-9474-1A3956D46DE8}") = "Presenters", "Presenters", "{A2D02DD2-F55E-479E-B0EB-B65874E168FD}"
EndProject
Project("{9A19103F-16F7-4668-BE54-9A1E7A4F7556}") = "BlazingPizza.Presenters", "BlazingPizza.Presenters\BlazingPizza.Presenters.csproj", "{46D1623A-BFDB-4284-BC06-57E6AEFD5065}"
EndProject
Project("{2150E333-8FDC-42A3-9474-1A3956D46DE8}") = "WebApiGateways", "WebApiGateways", "{A9EE598C-3B7F-4E24-8087-8D50390E22AE}"
EndProject
Project("{9A19103F-16F7-4668-BE54-9A1E7A4F7556}") = "BlazingPizza.Gateways", "BlazingPizza.Gateways\BlazingPizza.Gateways.csproj", "{0B255F92-41FE-40FB-96BE-4379317648F4}"
EndProject
Project("{9A19103F-16F7-4668-BE54-9A1E7A4F7556}") = "BlazingPizza.Frontend.BusinessObjects", "BlazingPizza.Frontend.BusinessObjects\BlazingPizza.Frontend.BusinessObjects.csproj", "{7780902F-2F8B-4988-90F6-7DA7B3C82AE2}"
EndProject
Project("{9A19103F-16F7-4668-BE54-9A1E7A4F7556}") = "BlazingPizza.Shared.BusinessObjects", "BlazingPizza.Shared.BusinessObjects\BlazingPizza.Shared.BusinessObjects.csproj", "{9C2DF021-CB8E-4D63-8161-A07E84B6F2B4}"
EndProject
Project("{2150E333-8FDC-42A3-9474-1A3956D46DE8}") = "BusinessObjects", "BusinessObjects", "{94139EA5-4F39-4B6E-AD86-0FD1A240E90B}"
EndProject
Project("{9A19103F-16F7-4668-BE54-9A1E7A4F7556}") = "BlazingPizza.Backend.BusinessObjects", "BlazingPizza.Backend.BusinessObjects\BlazingPizza.Backend.BusinessObjects.csproj", "{AFF6D9ED-A492-43C5-8D31-F74DA6CA7D8E}"
EndProject
Global
	GlobalSection(SolutionConfigurationPlatforms) = preSolution
		Debug|Any CPU = Debug|Any CPU
		Release|Any CPU = Release|Any CPU
	EndGlobalSection
	GlobalSection(ProjectConfigurationPlatforms) = postSolution
		{F0D9E7E4-B467-4459-9939-5B7B4F3C7356}.Debug|Any CPU.ActiveCfg = Debug|Any CPU
		{F0D9E7E4-B467-4459-9939-5B7B4F3C7356}.Debug|Any CPU.Build.0 = Debug|Any CPU
		{F0D9E7E4-B467-4459-9939-5B7B4F3C7356}.Release|Any CPU.ActiveCfg = Release|Any CPU
		{F0D9E7E4-B467-4459-9939-5B7B4F3C7356}.Release|Any CPU.Build.0 = Release|Any CPU
		{CABA4489-7472-43E3-ABF4-912782A8A34B}.Debug|Any CPU.ActiveCfg = Debug|Any CPU
		{CABA4489-7472-43E3-ABF4-912782A8A34B}.Debug|Any CPU.Build.0 = Debug|Any CPU
		{CABA4489-7472-43E3-ABF4-912782A8A34B}.Release|Any CPU.ActiveCfg = Release|Any CPU
		{CABA4489-7472-43E3-ABF4-912782A8A34B}.Release|Any CPU.Build.0 = Release|Any CPU
		{A2A3BC62-3C4D-416F-8013-BFD1AD089F29}.Debug|Any CPU.ActiveCfg = Debug|Any CPU
		{A2A3BC62-3C4D-416F-8013-BFD1AD089F29}.Debug|Any CPU.Build.0 = Debug|Any CPU
		{A2A3BC62-3C4D-416F-8013-BFD1AD089F29}.Release|Any CPU.ActiveCfg = Release|Any CPU
		{A2A3BC62-3C4D-416F-8013-BFD1AD089F29}.Release|Any CPU.Build.0 = Release|Any CPU
		{747FA4CB-E39C-43A4-8D02-88B5A2AB7900}.Debug|Any CPU.ActiveCfg = Debug|Any CPU
		{747FA4CB-E39C-43A4-8D02-88B5A2AB7900}.Debug|Any CPU.Build.0 = Debug|Any CPU
		{747FA4CB-E39C-43A4-8D02-88B5A2AB7900}.Release|Any CPU.ActiveCfg = Release|Any CPU
		{747FA4CB-E39C-43A4-8D02-88B5A2AB7900}.Release|Any CPU.Build.0 = Release|Any CPU
		{849C59F9-E524-4992-91C2-3E60F6459A2D}.Debug|Any CPU.ActiveCfg = Debug|Any CPU
		{849C59F9-E524-4992-91C2-3E60F6459A2D}.Debug|Any CPU.Build.0 = Debug|Any CPU
		{849C59F9-E524-4992-91C2-3E60F6459A2D}.Release|Any CPU.ActiveCfg = Release|Any CPU
		{849C59F9-E524-4992-91C2-3E60F6459A2D}.Release|Any CPU.Build.0 = Release|Any CPU
		{D911E5FA-5B84-47DF-8A00-2BD6758509A4}.Debug|Any CPU.ActiveCfg = Debug|Any CPU
		{D911E5FA-5B84-47DF-8A00-2BD6758509A4}.Debug|Any CPU.Build.0 = Debug|Any CPU
		{D911E5FA-5B84-47DF-8A00-2BD6758509A4}.Release|Any CPU.ActiveCfg = Release|Any CPU
		{D911E5FA-5B84-47DF-8A00-2BD6758509A4}.Release|Any CPU.Build.0 = Release|Any CPU
		{71975695-2758-4D7A-8148-7E5F0EA5F3CA}.Debug|Any CPU.ActiveCfg = Debug|Any CPU
		{71975695-2758-4D7A-8148-7E5F0EA5F3CA}.Debug|Any CPU.Build.0 = Debug|Any CPU
		{71975695-2758-4D7A-8148-7E5F0EA5F3CA}.Release|Any CPU.ActiveCfg = Release|Any CPU
		{71975695-2758-4D7A-8148-7E5F0EA5F3CA}.Release|Any CPU.Build.0 = Release|Any CPU
		{2E234300-244D-4ED9-A5EB-2CF1128B552B}.Debug|Any CPU.ActiveCfg = Debug|Any CPU
		{2E234300-244D-4ED9-A5EB-2CF1128B552B}.Debug|Any CPU.Build.0 = Debug|Any CPU
		{2E234300-244D-4ED9-A5EB-2CF1128B552B}.Release|Any CPU.ActiveCfg = Release|Any CPU
		{2E234300-244D-4ED9-A5EB-2CF1128B552B}.Release|Any CPU.Build.0 = Release|Any CPU
		{869AC5A5-4DAD-42C5-AC5A-45DCF8AB9E83}.Debug|Any CPU.ActiveCfg = Debug|Any CPU
		{869AC5A5-4DAD-42C5-AC5A-45DCF8AB9E83}.Debug|Any CPU.Build.0 = Debug|Any CPU
		{869AC5A5-4DAD-42C5-AC5A-45DCF8AB9E83}.Release|Any CPU.ActiveCfg = Release|Any CPU
		{869AC5A5-4DAD-42C5-AC5A-45DCF8AB9E83}.Release|Any CPU.Build.0 = Release|Any CPU
		{0444D450-3A6A-4645-B916-9AE57C6127FA}.Debug|Any CPU.ActiveCfg = Debug|Any CPU
		{0444D450-3A6A-4645-B916-9AE57C6127FA}.Debug|Any CPU.Build.0 = Debug|Any CPU
		{0444D450-3A6A-4645-B916-9AE57C6127FA}.Release|Any CPU.ActiveCfg = Release|Any CPU
		{0444D450-3A6A-4645-B916-9AE57C6127FA}.Release|Any CPU.Build.0 = Release|Any CPU
		{FB6C6614-2594-4A0D-B08E-B966F992C8EF}.Debug|Any CPU.ActiveCfg = Debug|Any CPU
		{FB6C6614-2594-4A0D-B08E-B966F992C8EF}.Debug|Any CPU.Build.0 = Debug|Any CPU
		{FB6C6614-2594-4A0D-B08E-B966F992C8EF}.Release|Any CPU.ActiveCfg = Release|Any CPU
		{FB6C6614-2594-4A0D-B08E-B966F992C8EF}.Release|Any CPU.Build.0 = Release|Any CPU
		{46D1623A-BFDB-4284-BC06-57E6AEFD5065}.Debug|Any CPU.ActiveCfg = Debug|Any CPU
		{46D1623A-BFDB-4284-BC06-57E6AEFD5065}.Debug|Any CPU.Build.0 = Debug|Any CPU
		{46D1623A-BFDB-4284-BC06-57E6AEFD5065}.Release|Any CPU.ActiveCfg = Release|Any CPU
		{46D1623A-BFDB-4284-BC06-57E6AEFD5065}.Release|Any CPU.Build.0 = Release|Any CPU
		{0B255F92-41FE-40FB-96BE-4379317648F4}.Debug|Any CPU.ActiveCfg = Debug|Any CPU
		{0B255F92-41FE-40FB-96BE-4379317648F4}.Debug|Any CPU.Build.0 = Debug|Any CPU
		{0B255F92-41FE-40FB-96BE-4379317648F4}.Release|Any CPU.ActiveCfg = Release|Any CPU
		{0B255F92-41FE-40FB-96BE-4379317648F4}.Release|Any CPU.Build.0 = Release|Any CPU
		{7780902F-2F8B-4988-90F6-7DA7B3C82AE2}.Debug|Any CPU.ActiveCfg = Debug|Any CPU
		{7780902F-2F8B-4988-90F6-7DA7B3C82AE2}.Debug|Any CPU.Build.0 = Debug|Any CPU
		{7780902F-2F8B-4988-90F6-7DA7B3C82AE2}.Release|Any CPU.ActiveCfg = Release|Any CPU
		{7780902F-2F8B-4988-90F6-7DA7B3C82AE2}.Release|Any CPU.Build.0 = Release|Any CPU
		{9C2DF021-CB8E-4D63-8161-A07E84B6F2B4}.Debug|Any CPU.ActiveCfg = Debug|Any CPU
		{9C2DF021-CB8E-4D63-8161-A07E84B6F2B4}.Debug|Any CPU.Build.0 = Debug|Any CPU
		{9C2DF021-CB8E-4D63-8161-A07E84B6F2B4}.Release|Any CPU.ActiveCfg = Release|Any CPU
		{9C2DF021-CB8E-4D63-8161-A07E84B6F2B4}.Release|Any CPU.Build.0 = Release|Any CPU
		{AFF6D9ED-A492-43C5-8D31-F74DA6CA7D8E}.Debug|Any CPU.ActiveCfg = Debug|Any CPU
		{AFF6D9ED-A492-43C5-8D31-F74DA6CA7D8E}.Debug|Any CPU.Build.0 = Debug|Any CPU
		{AFF6D9ED-A492-43C5-8D31-F74DA6CA7D8E}.Release|Any CPU.ActiveCfg = Release|Any CPU
		{AFF6D9ED-A492-43C5-8D31-F74DA6CA7D8E}.Release|Any CPU.Build.0 = Release|Any CPU
	EndGlobalSection
	GlobalSection(SolutionProperties) = preSolution
		HideSolutionNode = FALSE
	EndGlobalSection
	GlobalSection(NestedProjects) = preSolution
		{17908347-1E1F-4596-9537-ADADC121B6C4} = {95A98CBC-9126-41E8-B5F4-737E1EF0C540}
		{F0D9E7E4-B467-4459-9939-5B7B4F3C7356} = {17908347-1E1F-4596-9537-ADADC121B6C4}
		{09F94575-6A56-4E42-B307-77138AF06A9A} = {95A98CBC-9126-41E8-B5F4-737E1EF0C540}
		{CABA4489-7472-43E3-ABF4-912782A8A34B} = {09F94575-6A56-4E42-B307-77138AF06A9A}
		{4CEAFCCF-5891-46D8-BE11-8B121DE74E5D} = {95A98CBC-9126-41E8-B5F4-737E1EF0C540}
		{A2A3BC62-3C4D-416F-8013-BFD1AD089F29} = {4CEAFCCF-5891-46D8-BE11-8B121DE74E5D}
		{0A58EB37-078C-4C94-B666-7C58766E3BF2} = {95A98CBC-9126-41E8-B5F4-737E1EF0C540}
		{747FA4CB-E39C-43A4-8D02-88B5A2AB7900} = {0A58EB37-078C-4C94-B666-7C58766E3BF2}
		{0E9348B1-35E4-4277-82F0-072A935972A9} = {B888A218-C765-44B7-8999-C10CBB76673C}
		{849C59F9-E524-4992-91C2-3E60F6459A2D} = {0E9348B1-35E4-4277-82F0-072A935972A9}
		{D911E5FA-5B84-47DF-8A00-2BD6758509A4} = {0E9348B1-35E4-4277-82F0-072A935972A9}
		{71975695-2758-4D7A-8148-7E5F0EA5F3CA} = {36C213A8-4CCF-4E06-A65A-25DCEDDE2BBF}
		{4DB95E60-7B91-469D-B018-3C6AC89455B1} = {95A98CBC-9126-41E8-B5F4-737E1EF0C540}
		{D266289C-2BA7-4E47-B995-BAB406A51CB8} = {4DB95E60-7B91-469D-B018-3C6AC89455B1}
		{2E234300-244D-4ED9-A5EB-2CF1128B552B} = {D266289C-2BA7-4E47-B995-BAB406A51CB8}
		{DE905A47-BB97-4821-97A2-C515FC3B1CEA} = {95A98CBC-9126-41E8-B5F4-737E1EF0C540}
		{869AC5A5-4DAD-42C5-AC5A-45DCF8AB9E83} = {DE905A47-BB97-4821-97A2-C515FC3B1CEA}
		{0444D450-3A6A-4645-B916-9AE57C6127FA} = {0A58EB37-078C-4C94-B666-7C58766E3BF2}
		{FB6C6614-2594-4A0D-B08E-B966F992C8EF} = {0E9348B1-35E4-4277-82F0-072A935972A9}
		{A2D02DD2-F55E-479E-B0EB-B65874E168FD} = {95A98CBC-9126-41E8-B5F4-737E1EF0C540}
		{46D1623A-BFDB-4284-BC06-57E6AEFD5065} = {A2D02DD2-F55E-479E-B0EB-B65874E168FD}
		{A9EE598C-3B7F-4E24-8087-8D50390E22AE} = {4DB95E60-7B91-469D-B018-3C6AC89455B1}
		{0B255F92-41FE-40FB-96BE-4379317648F4} = {A9EE598C-3B7F-4E24-8087-8D50390E22AE}
		{7780902F-2F8B-4988-90F6-7DA7B3C82AE2} = {94139EA5-4F39-4B6E-AD86-0FD1A240E90B}
		{9C2DF021-CB8E-4D63-8161-A07E84B6F2B4} = {94139EA5-4F39-4B6E-AD86-0FD1A240E90B}
		{94139EA5-4F39-4B6E-AD86-0FD1A240E90B} = {36C213A8-4CCF-4E06-A65A-25DCEDDE2BBF}
		{AFF6D9ED-A492-43C5-8D31-F74DA6CA7D8E} = {94139EA5-4F39-4B6E-AD86-0FD1A240E90B}
	EndGlobalSection
	GlobalSection(ExtensibilityGlobals) = postSolution
		SolutionGuid = {1B57DE6D-B784-4525-BBA4-7A1A0F16E5CB}
	EndGlobalSection
EndGlobal
